{
  "name": "nano-banana-workspace-extractor",
  "version": "1.0.0",
  "lockfileVersion": 3,
  "requires": true,
  "packages": {
    "": {
      "name": "nano-banana-workspace-extractor",
      "version": "1.0.0",
      "license": "MIT",
      "bin": {
        "nbu-extract": "extractor.js",
        "nbu-read": "reader.js"
      }
    }
  }
}
